
Microsoft Visual Studio Solution File, Format Version 12.00
# Visual Studio Version 17
VisualStudioVersion = 17.10.35013.160
MinimumVisualStudioVersion = 10.0.40219.1
Project("{FAE04EC0-301F-11D3-BF4B-00C04F79EFBC}") = "test-blazor-web-app", "test-blazor-web-app.csproj", "{930F8B27-5258-4271-8EC5-0B0EE998A59D}"
EndProject
Global
	GlobalSection(SolutionConfigurationPlatforms) = preSolution
		Debug|Any CPU = Debug|Any CPU
		Release|Any CPU = Release|Any CPU
	EndGlobalSection
	GlobalSection(ProjectConfigurationPlatforms) = postSolution
		{930F8B27-5258-4271-8EC5-0B0EE998A59D}.Debug|Any CPU.ActiveCfg = Debug|Any CPU
		{930F8B27-5258-4271-8EC5-0B0EE998A59D}.Debug|Any CPU.Build.0 = Debug|Any CPU
		{930F8B27-5258-4271-8EC5-0B0EE998A59D}.Release|Any CPU.ActiveCfg = Release|Any CPU
		{930F8B27-5258-4271-8EC5-0B0EE998A59D}.Release|Any CPU.Build.0 = Release|Any CPU
	EndGlobalSection
	GlobalSection(SolutionProperties) = preSolution
		HideSolutionNode = FALSE
	EndGlobalSection
	GlobalSection(ExtensibilityGlobals) = postSolution
		SolutionGuid = {61B6B163-93D7-433A-9492-B213D896AD9E}
	EndGlobalSection
EndGlobal
